
Microsoft Visual Studio Solution File, Format Version 12.00
# Visual Studio 14
VisualStudioVersion = 14.0.25420.1
MinimumVisualStudioVersion = 10.0.40219.1
Project("{FAE04EC0-301F-11D3-BF4B-00C04F79EFBC}") = "MVCAngular2", "MVCAngular2\MVCAngular2.csproj", "{DCFF991F-3235-4D4E-859D-F3BD67D60CED}"
EndProject
Project("{FAE04EC0-301F-11D3-BF4B-00C04F79EFBC}") = "MVCAngular2_DAL", "MVCAngular2_DAL\MVCAngular2_DAL.csproj", "{F37E39E9-E806-4F2B-86D4-29D90C809FE1}"
EndProject
Global
	GlobalSection(SolutionConfigurationPlatforms) = preSolution
		Debug|Any CPU = Debug|Any CPU
		Release|Any CPU = Release|Any CPU
	EndGlobalSection
	GlobalSection(ProjectConfigurationPlatforms) = postSolution
		{DCFF991F-3235-4D4E-859D-F3BD67D60CED}.Debug|Any CPU.ActiveCfg = Debug|Any CPU
		{DCFF991F-3235-4D4E-859D-F3BD67D60CED}.Debug|Any CPU.Build.0 = Debug|Any CPU
		{DCFF991F-3235-4D4E-859D-F3BD67D60CED}.Release|Any CPU.ActiveCfg = Release|Any CPU
		{DCFF991F-3235-4D4E-859D-F3BD67D60CED}.Release|Any CPU.Build.0 = Release|Any CPU
		{F37E39E9-E806-4F2B-86D4-29D90C809FE1}.Debug|Any CPU.ActiveCfg = Debug|Any CPU
		{F37E39E9-E806-4F2B-86D4-29D90C809FE1}.Debug|Any CPU.Build.0 = Debug|Any CPU
		{F37E39E9-E806-4F2B-86D4-29D90C809FE1}.Release|Any CPU.ActiveCfg = Release|Any CPU
		{F37E39E9-E806-4F2B-86D4-29D90C809FE1}.Release|Any CPU.Build.0 = Release|Any CPU
	EndGlobalSection
	GlobalSection(SolutionProperties) = preSolution
		HideSolutionNode = FALSE
	EndGlobalSection
EndGlobal
